
Microsoft Visual Studio Solution File, Format Version 12.00
# Visual Studio Version 17
VisualStudioVersion = 17.8.34408.163
MinimumVisualStudioVersion = 10.0.40219.1
Project("{9A19103F-16F7-4668-BE54-9A1E7A4F7556}") = "TopicSender", "TopicSender\TopicSender.csproj", "{EF2749BA-6253-4C01-8AD4-6015B7F8B0E1}"
EndProject
Project("{FAE04EC0-301F-11D3-BF4B-00C04F79EFBC}") = "SubscriptionReceiver", "..\TopicReciever\SubscriptionReceiver\SubscriptionReceiver.csproj", "{5CD3A22C-F88B-43CA-A118-BDE7158B12C3}"
EndProject
Global
	GlobalSection(SolutionConfigurationPlatforms) = preSolution
		Debug|Any CPU = Debug|Any CPU
		Release|Any CPU = Release|Any CPU
	EndGlobalSection
	GlobalSection(ProjectConfigurationPlatforms) = postSolution
		{EF2749BA-6253-4C01-8AD4-6015B7F8B0E1}.Debug|Any CPU.ActiveCfg = Debug|Any CPU
		{EF2749BA-6253-4C01-8AD4-6015B7F8B0E1}.Debug|Any CPU.Build.0 = Debug|Any CPU
		{EF2749BA-6253-4C01-8AD4-6015B7F8B0E1}.Release|Any CPU.ActiveCfg = Release|Any CPU
		{EF2749BA-6253-4C01-8AD4-6015B7F8B0E1}.Release|Any CPU.Build.0 = Release|Any CPU
		{5CD3A22C-F88B-43CA-A118-BDE7158B12C3}.Debug|Any CPU.ActiveCfg = Debug|Any CPU
		{5CD3A22C-F88B-43CA-A118-BDE7158B12C3}.Debug|Any CPU.Build.0 = Debug|Any CPU
		{5CD3A22C-F88B-43CA-A118-BDE7158B12C3}.Release|Any CPU.ActiveCfg = Release|Any CPU
		{5CD3A22C-F88B-43CA-A118-BDE7158B12C3}.Release|Any CPU.Build.0 = Release|Any CPU
	EndGlobalSection
	GlobalSection(SolutionProperties) = preSolution
		HideSolutionNode = FALSE
	EndGlobalSection
	GlobalSection(ExtensibilityGlobals) = postSolution
		SolutionGuid = {1E518C1B-C7F2-4D29-9CE5-4834D8E2FBEA}
	EndGlobalSection
EndGlobal
